<Solution>
  <Folder Name="/src/">
    <Project Path="src/Clovent.Configuration/Clovent.Configuration.csproj" />
    <Project Path="src/Clovent.Core/Clovent.Core.csproj" />
    <Project Path="src/Clovent.Documents/Clovent.Documents.csproj" />
    <Project Path="src/Clovent.Generator/Clovent.Generator.csproj" />
    <Project Path="src/Clovent.Modules.Identity/Clovent.Modules.Identity.csproj" />
    <Project Path="src/Clovent.Shared/Clovent.Shared.csproj" />
    <Project Path="src/Clovent.Templates/Clovent.Templates.csproj" />
  </Folder>
  <Folder Name="/tests/">
    <Project Path="tests/Clovent.Core.Tests/Clovent.Core.Tests.csproj" />
    <Project Path="tests/Clovent.Generator.Tests/Clovent.Generator.Tests.csproj" />
  </Folder>
  <Project Path="../../src/Clovent.Authentication/Clovent.Authentication.csproj" />
  <Project Path="../../src/Clovent.Platform/Clovent.Platform.csproj" />
  <Project Path="../../src/Clovent.Platform.Tests/Clovent.Platform.Tests.csproj" />
  <Project Path="Clovent.CBOS.Desktop/Clovent.CBOS.Desktop.csproj" />
  <Project Path="Clovent.CLI/Clovent.CLI.csproj" />
</Solution>
